{
  "name": "pnpm-mono",
  "version": "1.0.0",
  "lockfileVersion": 1,
  "requires": true,
  "dependencies": {
    "pnpm": {
      "version": "7.27.0",
      "resolved": "https://registry.npmjs.org/pnpm/-/pnpm-7.27.0.tgz",
      "integrity": "sha512-nvxGrxgu3oYyw7zg7DdotEnqp9r/c0/iLZHr6QewJPEkVFGSPdsxrm0HFKBkOqwCInoutFzz/mtGx+pbYV8UCw=="
    }
  }
}
